
Microsoft Visual Studio Solution File, Format Version 12.00
# Visual Studio 15
VisualStudioVersion = 15.0.27130.2027
MinimumVisualStudioVersion = 10.0.40219.1
Project("{151D2E53-A2C4-4D7D-83FE-D05416EBD58E}") = "vs", "vs.deployproj", "{55F35736-D5D7-4916-876F-810472B36A8B}"
EndProject
Global
	GlobalSection(SolutionConfigurationPlatforms) = preSolution
		Debug|Any CPU = Debug|Any CPU
		Release|Any CPU = Release|Any CPU
	EndGlobalSection
	GlobalSection(ProjectConfigurationPlatforms) = postSolution
		{55F35736-D5D7-4916-876F-810472B36A8B}.Debug|Any CPU.ActiveCfg = Debug|Any CPU
		{55F35736-D5D7-4916-876F-810472B36A8B}.Debug|Any CPU.Build.0 = Debug|Any CPU
		{55F35736-D5D7-4916-876F-810472B36A8B}.Release|Any CPU.ActiveCfg = Release|Any CPU
		{55F35736-D5D7-4916-876F-810472B36A8B}.Release|Any CPU.Build.0 = Release|Any CPU
	EndGlobalSection
	GlobalSection(SolutionProperties) = preSolution
		HideSolutionNode = FALSE
	EndGlobalSection
	GlobalSection(ExtensibilityGlobals) = postSolution
		SolutionGuid = {599DFCF9-2591-4D51-862A-A5F87B550885}
	EndGlobalSection
EndGlobal
